
Microsoft Visual Studio Solution File, Format Version 12.00
# Visual Studio Version 16
VisualStudioVersion = 16.0.31321.278
MinimumVisualStudioVersion = 10.0.40219.1
Project("{FAE04EC0-301F-11D3-BF4B-00C04F79EFBC}") = "MIME types", "MIME types\MIME types.csproj", "{03FAA22E-4EF7-47CC-8A58-F8359A1C88AD}"
EndProject
Global
	GlobalSection(SolutionConfigurationPlatforms) = preSolution
		Debug|Any CPU = Debug|Any CPU
		Release|Any CPU = Release|Any CPU
	EndGlobalSection
	GlobalSection(ProjectConfigurationPlatforms) = postSolution
		{03FAA22E-4EF7-47CC-8A58-F8359A1C88AD}.Debug|Any CPU.ActiveCfg = Debug|Any CPU
		{03FAA22E-4EF7-47CC-8A58-F8359A1C88AD}.Debug|Any CPU.Build.0 = Debug|Any CPU
		{03FAA22E-4EF7-47CC-8A58-F8359A1C88AD}.Release|Any CPU.ActiveCfg = Release|Any CPU
		{03FAA22E-4EF7-47CC-8A58-F8359A1C88AD}.Release|Any CPU.Build.0 = Release|Any CPU
	EndGlobalSection
	GlobalSection(SolutionProperties) = preSolution
		HideSolutionNode = FALSE
	EndGlobalSection
	GlobalSection(ExtensibilityGlobals) = postSolution
		SolutionGuid = {6FDB4E8C-089F-4421-9296-50A67DF87521}
	EndGlobalSection
EndGlobal
